
Microsoft Visual Studio Solution File, Format Version 12.00
# Visual Studio 15
VisualStudioVersion = 15.0.28307.572
MinimumVisualStudioVersion = 10.0.40219.1
Project("{FAE04EC0-301F-11D3-BF4B-00C04F79EFBC}") = "Enums", "Enums\Enums.csproj", "{53BAE4AA-18A6-4C11-A66B-9CD096738B33}"
EndProject
Global
	GlobalSection(SolutionConfigurationPlatforms) = preSolution
		Debug|Any CPU = Debug|Any CPU
		Release|Any CPU = Release|Any CPU
	EndGlobalSection
	GlobalSection(ProjectConfigurationPlatforms) = postSolution
		{53BAE4AA-18A6-4C11-A66B-9CD096738B33}.Debug|Any CPU.ActiveCfg = Debug|Any CPU
		{53BAE4AA-18A6-4C11-A66B-9CD096738B33}.Debug|Any CPU.Build.0 = Debug|Any CPU
		{53BAE4AA-18A6-4C11-A66B-9CD096738B33}.Release|Any CPU.ActiveCfg = Release|Any CPU
		{53BAE4AA-18A6-4C11-A66B-9CD096738B33}.Release|Any CPU.Build.0 = Release|Any CPU
	EndGlobalSection
	GlobalSection(SolutionProperties) = preSolution
		HideSolutionNode = FALSE
	EndGlobalSection
	GlobalSection(ExtensibilityGlobals) = postSolution
		SolutionGuid = {1EF0D5AF-F570-4263-9A80-6A2BB024B9E4}
	EndGlobalSection
EndGlobal
